
Microsoft Visual Studio Solution File, Format Version 12.00
# Visual Studio 15
VisualStudioVersion = 15.0.28307.572
MinimumVisualStudioVersion = 10.0.40219.1
Project("{FAE04EC0-301F-11D3-BF4B-00C04F79EFBC}") = "WindowsFormsApp6", "WindowsFormsApp6\WindowsFormsApp6.csproj", "{98AB97ED-C39F-4CA5-A845-10B7D6DD161C}"
EndProject
Global
	GlobalSection(SolutionConfigurationPlatforms) = preSolution
		Debug|Any CPU = Debug|Any CPU
		Release|Any CPU = Release|Any CPU
	EndGlobalSection
	GlobalSection(ProjectConfigurationPlatforms) = postSolution
		{98AB97ED-C39F-4CA5-A845-10B7D6DD161C}.Debug|Any CPU.ActiveCfg = Debug|Any CPU
		{98AB97ED-C39F-4CA5-A845-10B7D6DD161C}.Debug|Any CPU.Build.0 = Debug|Any CPU
		{98AB97ED-C39F-4CA5-A845-10B7D6DD161C}.Release|Any CPU.ActiveCfg = Release|Any CPU
		{98AB97ED-C39F-4CA5-A845-10B7D6DD161C}.Release|Any CPU.Build.0 = Release|Any CPU
	EndGlobalSection
	GlobalSection(SolutionProperties) = preSolution
		HideSolutionNode = FALSE
	EndGlobalSection
	GlobalSection(ExtensibilityGlobals) = postSolution
		SolutionGuid = {D737210F-086E-406D-975E-ECAFAF044123}
	EndGlobalSection
EndGlobal
